
Microsoft Visual Studio Solution File, Format Version 12.00
# Visual Studio 14
VisualStudioVersion = 14.0.25420.1
MinimumVisualStudioVersion = 10.0.40219.1
Project("{FAE04EC0-301F-11D3-BF4B-00C04F79EFBC}") = "vs_proj", "vs_proj\vs_proj.csproj", "{EB78938F-9F18-411A-AB86-49E2AB326012}"
EndProject
Project("{FAE04EC0-301F-11D3-BF4B-00C04F79EFBC}") = "vs_proj.Tests", "vs_proj.Tests\vs_proj.Tests.csproj", "{0D529371-5820-46CE-974E-F42565E9EDE6}"
EndProject
Global
	GlobalSection(SolutionConfigurationPlatforms) = preSolution
		Debug|Any CPU = Debug|Any CPU
		Release|Any CPU = Release|Any CPU
	EndGlobalSection
	GlobalSection(ProjectConfigurationPlatforms) = postSolution
		{EB78938F-9F18-411A-AB86-49E2AB326012}.Debug|Any CPU.ActiveCfg = Debug|Any CPU
		{EB78938F-9F18-411A-AB86-49E2AB326012}.Debug|Any CPU.Build.0 = Debug|Any CPU
		{EB78938F-9F18-411A-AB86-49E2AB326012}.Release|Any CPU.ActiveCfg = Release|Any CPU
		{EB78938F-9F18-411A-AB86-49E2AB326012}.Release|Any CPU.Build.0 = Release|Any CPU
		{0D529371-5820-46CE-974E-F42565E9EDE6}.Debug|Any CPU.ActiveCfg = Debug|Any CPU
		{0D529371-5820-46CE-974E-F42565E9EDE6}.Debug|Any CPU.Build.0 = Debug|Any CPU
		{0D529371-5820-46CE-974E-F42565E9EDE6}.Release|Any CPU.ActiveCfg = Release|Any CPU
		{0D529371-5820-46CE-974E-F42565E9EDE6}.Release|Any CPU.Build.0 = Release|Any CPU
	EndGlobalSection
	GlobalSection(SolutionProperties) = preSolution
		HideSolutionNode = FALSE
	EndGlobalSection
EndGlobal
